// !$*UTF8*$!
{
	archiveVersion = 1;
	classes = {
	};
	objectVersion = 50;
	objects = {

/* Begin PBXBuildFile section */
		12A35D02218C7DBF005CFE2C /* Provider.swift in Sources */ = {isa = PBXBuildFile; fileRef = 12A35D01218C7DBF005CFE2C /* Provider.swift */; };
		12A35D04218F20B5005CFE2C /* ProviderTableViewCell.swift in Sources */ = {isa = PBXBuildFile; fileRef = 12A35D03218F20B5005CFE2C /* ProviderTableViewCell.swift */; };
		1B6913D722857C5A00AD1DEE /* GoogleService-Info.plist in Resources */ = {isa = PBXBuildFile; fileRef = 1B6913D622857C5A00AD1DEE /* GoogleService-Info.plist */; };
		1B9C363922853165006322CA /* AuthenticationViewController.swift in Sources */ = {isa = PBXBuildFile; fileRef = 1B9C363822853165006322CA /* AuthenticationViewController.swift */; };
		1BBABAE2218C2BA900597E12 /* AppDelegate.swift in Sources */ = {isa = PBXBuildFile; fileRef = 1BBABAE1218C2BA900597E12 /* AppDelegate.swift */; };
		1BBABAE4218C2BA900597E12 /* InterestsViewController.swift in Sources */ = {isa = PBXBuildFile; fileRef = 1BBABAE3218C2BA900597E12 /* InterestsViewController.swift */; };
		1BBABAE9218C2BA900597E12 /* Main.storyboard in Resources */ = {isa = PBXBuildFile; fileRef = 1BBABAE7218C2BA900597E12 /* Main.storyboard */; };
		1BBABAEB218C2BAB00597E12 /* Assets.xcassets in Resources */ = {isa = PBXBuildFile; fileRef = 1BBABAEA218C2BAB00597E12 /* Assets.xcassets */; };
		1BBABAEE218C2BAB00597E12 /* LaunchScreen.storyboard in Resources */ = {isa = PBXBuildFile; fileRef = 1BBABAEC218C2BAB00597E12 /* LaunchScreen.storyboard */; };
		1BBABAF6218C31F600597E12 /* ProviderListingViewController.swift in Sources */ = {isa = PBXBuildFile; fileRef = 1BBABAF5218C31F600597E12 /* ProviderListingViewController.swift */; };
		1BBABAF8218C320300597E12 /* ProfileViewController.swift in Sources */ = {isa = PBXBuildFile; fileRef = 1BBABAF7218C320300597E12 /* ProfileViewController.swift */; };
		64586F4D5AD9DB5B531F85C7 /* Pods_TaCo.framework in Frameworks */ = {isa = PBXBuildFile; fileRef = C35AC4170FA14B0C7617CC4E /* Pods_TaCo.framework */; };
/* End PBXBuildFile section */

/* Begin PBXFileReference section */
		12A35D01218C7DBF005CFE2C /* Provider.swift */ = {isa = PBXFileReference; lastKnownFileType = sourcecode.swift; path = Provider.swift; sourceTree = "<group>"; };
		12A35D03218F20B5005CFE2C /* ProviderTableViewCell.swift */ = {isa = PBXFileReference; lastKnownFileType = sourcecode.swift; path = ProviderTableViewCell.swift; sourceTree = "<group>"; };
		1B6913D622857C5A00AD1DEE /* GoogleService-Info.plist */ = {isa = PBXFileReference; fileEncoding = 4; lastKnownFileType = text.plist.xml; path = "GoogleService-Info.plist"; sourceTree = "<group>"; };
		1B9C363822853165006322CA /* AuthenticationViewController.swift */ = {isa = PBXFileReference; lastKnownFileType = sourcecode.swift; path = AuthenticationViewController.swift; sourceTree = "<group>"; };
		1BBABADE218C2BA900597E12 /* TaCo.app */ = {isa = PBXFileReference; explicitFileType = wrapper.application; includeInIndex = 0; path = TaCo.app; sourceTree = BUILT_PRODUCTS_DIR; };
		1BBABAE1218C2BA900597E12 /* AppDelegate.swift */ = {isa = PBXFileReference; lastKnownFileType = sourcecode.swift; path = AppDelegate.swift; sourceTree = "<group>"; };
		1BBABAE3218C2BA900597E12 /* InterestsViewController.swift */ = {isa = PBXFileReference; lastKnownFileType = sourcecode.swift; path = InterestsViewController.swift; sourceTree = "<group>"; };
		1BBABAE8218C2BA900597E12 /* Base */ = {isa = PBXFileReference; lastKnownFileType = file.storyboard; name = Base; path = Base.lproj/Main.storyboard; sourceTree = "<group>"; };
		1BBABAEA218C2BAB00597E12 /* Assets.xcassets */ = {isa = PBXFileReference; lastKnownFileType = folder.assetcatalog; path = Assets.xcassets; sourceTree = "<group>"; };
		1BBABAED218C2BAB00597E12 /* Base */ = {isa = PBXFileReference; lastKnownFileType = file.storyboard; name = Base; path = Base.lproj/LaunchScreen.storyboard; sourceTree = "<group>"; };
		1BBABAEF218C2BAB00597E12 /* Info.plist */ = {isa = PBXFileReference; lastKnownFileType = text.plist.xml; path = Info.plist; sourceTree = "<group>"; };
		1BBABAF5218C31F600597E12 /* ProviderListingViewController.swift */ = {isa = PBXFileReference; lastKnownFileType = sourcecode.swift; path = ProviderListingViewController.swift; sourceTree = "<group>"; };
		1BBABAF7218C320300597E12 /* ProfileViewController.swift */ = {isa = PBXFileReference; lastKnownFileType = sourcecode.swift; path = ProfileViewController.swift; sourceTree = "<group>"; };
		6363D2F6805115FEF3486222 /* Pods-TaCo.release.xcconfig */ = {isa = PBXFileReference; includeInIndex = 1; lastKnownFileType = text.xcconfig; name = "Pods-TaCo.release.xcconfig"; path = "Target Support Files/Pods-TaCo/Pods-TaCo.release.xcconfig"; sourceTree = "<group>"; };
		7F08CD24635AC84AF66AFB43 /* Pods-TaCo.debug.xcconfig */ = {isa = PBXFileReference; includeInIndex = 1; lastKnownFileType = text.xcconfig; name = "Pods-TaCo.debug.xcconfig"; path = "Target Support Files/Pods-TaCo/Pods-TaCo.debug.xcconfig"; sourceTree = "<group>"; };
		C35AC4170FA14B0C7617CC4E /* Pods_TaCo.framework */ = {isa = PBXFileReference; explicitFileType = wrapper.framework; includeInIndex = 0; path = Pods_TaCo.framework; sourceTree = BUILT_PRODUCTS_DIR; };
/* End PBXFileReference section */

/* Begin PBXFrameworksBuildPhase section */
		1BBABADB218C2BA900597E12 /* Frameworks */ = {
			isa = PBXFrameworksBuildPhase;
			buildActionMask = 2147483647;
			files = (
				64586F4D5AD9DB5B531F85C7 /* Pods_TaCo.framework in Frameworks */,
			);
			runOnlyForDeploymentPostprocessing = 0;
		};
/* End PBXFrameworksBuildPhase section */

/* Begin PBXGroup section */
		1BBABAD5218C2BA900597E12 = {
			isa = PBXGroup;
			children = (
				1BBABAE0218C2BA900597E12 /* TaCo */,
				1BBABADF218C2BA900597E12 /* Products */,
				32B903931E400B03EF1DAAE0 /* Pods */,
				27EA3C968C28D46DE0FC135E /* Frameworks */,
			);
			sourceTree = "<group>";
		};
		1BBABADF218C2BA900597E12 /* Products */ = {
			isa = PBXGroup;
			children = (
				1BBABADE218C2BA900597E12 /* TaCo.app */,
			);
			name = Products;
			sourceTree = "<group>";
		};
		1BBABAE0218C2BA900597E12 /* TaCo */ = {
			isa = PBXGroup;
			children = (
				1BBABAE1218C2BA900597E12 /* AppDelegate.swift */,
				12A35D01218C7DBF005CFE2C /* Provider.swift */,
				1BBABAE3218C2BA900597E12 /* InterestsViewController.swift */,
				1BBABAF5218C31F600597E12 /* ProviderListingViewController.swift */,
				1BBABAE7218C2BA900597E12 /* Main.storyboard */,
				1B9C363822853165006322CA /* AuthenticationViewController.swift */,
				12A35D03218F20B5005CFE2C /* ProviderTableViewCell.swift */,
				1BBABAF7218C320300597E12 /* ProfileViewController.swift */,
				1BBABAEA218C2BAB00597E12 /* Assets.xcassets */,
				1B6913D622857C5A00AD1DEE /* GoogleService-Info.plist */,
				1BBABAEC218C2BAB00597E12 /* LaunchScreen.storyboard */,
				1BBABAEF218C2BAB00597E12 /* Info.plist */,
			);
			path = TaCo;
			sourceTree = "<group>";
		};
		27EA3C968C28D46DE0FC135E /* Frameworks */ = {
			isa = PBXGroup;
			children = (
				C35AC4170FA14B0C7617CC4E /* Pods_TaCo.framework */,
			);
			name = Frameworks;
			sourceTree = "<group>";
		};
		32B903931E400B03EF1DAAE0 /* Pods */ = {
			isa = PBXGroup;
			children = (
				7F08CD24635AC84AF66AFB43 /* Pods-TaCo.debug.xcconfig */,
				6363D2F6805115FEF3486222 /* Pods-TaCo.release.xcconfig */,
			);
			path = Pods;
			sourceTree = "<group>";
		};
/* End PBXGroup section */

/* Begin PBXNativeTarget section */
		1BBABADD218C2BA900597E12 /* TaCo */ = {
			isa = PBXNativeTarget;
			buildConfigurationList = 1BBABAF2218C2BAB00597E12 /* Build configuration list for PBXNativeTarget "TaCo" */;
			buildPhases = (
				B88EA2FF4FA292F2348A6810 /* [CP] Check Pods Manifest.lock */,
				1BBABADA218C2BA900597E12 /* Sources */,
				1BBABADB218C2BA900597E12 /* Frameworks */,
				1BBABADC218C2BA900597E12 /* Resources */,
				FF00F7C33FA7DCDA4052F7A9 /* [CP] Embed Pods Frameworks */,
			);
			buildRules = (
			);
			dependencies = (
			);
			name = TaCo;
			productName = TaCo;
			productReference = 1BBABADE218C2BA900597E12 /* TaCo.app */;
			productType = "com.apple.product-type.application";
		};
/* End PBXNativeTarget section */

/* Begin PBXProject section */
		1BBABAD6218C2BA900597E12 /* Project object */ = {
			isa = PBXProject;
			attributes = {
				LastSwiftUpdateCheck = 1000;
				LastUpgradeCheck = 1000;
				ORGANIZATIONNAME = "Thomas Ng";
				TargetAttributes = {
					1BBABADD218C2BA900597E12 = {
						CreatedOnToolsVersion = 10.0;
					};
				};
			};
			buildConfigurationList = 1BBABAD9218C2BA900597E12 /* Build configuration list for PBXProject "TaCo" */;
			compatibilityVersion = "Xcode 9.3";
			developmentRegion = en;
			hasScannedForEncodings = 0;
			knownRegions = (
				en,
				Base,
			);
			mainGroup = 1BBABAD5218C2BA900597E12;
			productRefGroup = 1BBABADF218C2BA900597E12 /* Products */;
			projectDirPath = "";
			projectRoot = "";
			targets = (
				1BBABADD218C2BA900597E12 /* TaCo */,
			);
		};
/* End PBXProject section */

/* Begin PBXResourcesBuildPhase section */
		1BBABADC218C2BA900597E12 /* Resources */ = {
			isa = PBXResourcesBuildPhase;
			buildActionMask = 2147483647;
			files = (
				1BBABAEE218C2BAB00597E12 /* LaunchScreen.storyboard in Resources */,
				1B6913D722857C5A00AD1DEE /* GoogleService-Info.plist in Resources */,
				1BBABAEB218C2BAB00597E12 /* Assets.xcassets in Resources */,
				1BBABAE9218C2BA900597E12 /* Main.storyboard in Resources */,
			);
			runOnlyForDeploymentPostprocessing = 0;
		};
/* End PBXResourcesBuildPhase section */

/* Begin PBXShellScriptBuildPhase section */
		B88EA2FF4FA292F2348A6810 /* [CP] Check Pods Manifest.lock */ = {
			isa = PBXShellScriptBuildPhase;
			buildActionMask = 2147483647;
			files = (
			);
			inputFileListPaths = (
			);
			inputPaths = (
				"${PODS_PODFILE_DIR_PATH}/Podfile.lock",
				"${PODS_ROOT}/Manifest.lock",
			);
			name = "[CP] Check Pods Manifest.lock";
			outputFileListPaths = (
			);
			outputPaths = (
				"$(DERIVED_FILE_DIR)/Pods-TaCo-checkManifestLockResult.txt",
			);
			runOnlyForDeploymentPostprocessing = 0;
			shellPath = /bin/sh;
			shellScript = "diff \"${PODS_PODFILE_DIR_PATH}/Podfile.lock\" \"${PODS_ROOT}/Manifest.lock\" > /dev/null\nif [ $? != 0 ] ; then\n    # print error to STDERR\n    echo \"error: The sandbox is not in sync with the Podfile.lock. Run 'pod install' or update your CocoaPods installation.\" >&2\n    exit 1\nfi\n# This output is used by Xcode 'outputs' to avoid re-running this script phase.\necho \"SUCCESS\" > \"${SCRIPT_OUTPUT_FILE_0}\"\n";
			showEnvVarsInLog = 0;
		};
		FF00F7C33FA7DCDA4052F7A9 /* [CP] Embed Pods Frameworks */ = {
			isa = PBXShellScriptBuildPhase;
			buildActionMask = 2147483647;
			files = (
			);
			inputFileListPaths = (
			);
			inputPaths = (
				"${PODS_ROOT}/Target Support Files/Pods-TaCo/Pods-TaCo-frameworks.sh",
				"${BUILT_PRODUCTS_DIR}/GTMSessionFetcher/GTMSessionFetcher.framework",
				"${BUILT_PRODUCTS_DIR}/GoogleUtilities/GoogleUtilities.framework",
				"${BUILT_PRODUCTS_DIR}/nanopb/nanopb.framework",
			);
			name = "[CP] Embed Pods Frameworks";
			outputFileListPaths = (
			);
			outputPaths = (
				"${TARGET_BUILD_DIR}/${FRAMEWORKS_FOLDER_PATH}/GTMSessionFetcher.framework",
				"${TARGET_BUILD_DIR}/${FRAMEWORKS_FOLDER_PATH}/GoogleUtilities.framework",
				"${TARGET_BUILD_DIR}/${FRAMEWORKS_FOLDER_PATH}/nanopb.framework",
			);
			runOnlyForDeploymentPostprocessing = 0;
			shellPath = /bin/sh;
			shellScript = "\"${PODS_ROOT}/Target Support Files/Pods-TaCo/Pods-TaCo-frameworks.sh\"\n";
			showEnvVarsInLog = 0;
		};
/* End PBXShellScriptBuildPhase section */

/* Begin PBXSourcesBuildPhase section */
		1BBABADA218C2BA900597E12 /* Sources */ = {
			isa = PBXSourcesBuildPhase;
			buildActionMask = 2147483647;
			files = (
				1BBABAE2218C2BA900597E12 /* AppDelegate.swift in Sources */,
				1BBABAE4218C2BA900597E12 /* InterestsViewController.swift in Sources */,
				1BBABAF8218C320300597E12 /* ProfileViewController.swift in Sources */,
				1B9C363922853165006322CA /* AuthenticationViewController.swift in Sources */,
				12A35D02218C7DBF005CFE2C /* Provider.swift in Sources */,
				12A35D04218F20B5005CFE2C /* ProviderTableViewCell.swift in Sources */,
				1BBABAF6218C31F600597E12 /* ProviderListingViewController.swift in Sources */,
			);
			runOnlyForDeploymentPostprocessing = 0;
		};
/* End PBXSourcesBuildPhase section */

/* Begin PBXVariantGroup section */
		1BBABAE7218C2BA900597E12 /* Main.storyboard */ = {
			isa = PBXVariantGroup;
			children = (
				1BBABAE8218C2BA900597E12 /* Base */,
			);
			name = Main.storyboard;
			sourceTree = "<group>";
		};
		1BBABAEC218C2BAB00597E12 /* LaunchScreen.storyboard */ = {
			isa = PBXVariantGroup;
			children = (
				1BBABAED218C2BAB00597E12 /* Base */,
			);
			name = LaunchScreen.storyboard;
			sourceTree = "<group>";
		};
/* End PBXVariantGroup section */

/* Begin XCBuildConfiguration section */
		1BBABAF0218C2BAB00597E12 /* Debug */ = {
			isa = XCBuildConfiguration;
			buildSettings = {
				ALWAYS_SEARCH_USER_PATHS = NO;
				CLANG_ANALYZER_NONNULL = YES;
				CLANG_ANALYZER_NUMBER_OBJECT_CONVERSION = YES_AGGRESSIVE;
				CLANG_CXX_LANGUAGE_STANDARD = "gnu++14";
				CLANG_CXX_LIBRARY = "libc++";
				CLANG_ENABLE_MODULES = YES;
				CLANG_ENABLE_OBJC_ARC = YES;
				CLANG_ENABLE_OBJC_WEAK = YES;
				CLANG_WARN_BLOCK_CAPTURE_AUTORELEASING = YES;
				CLANG_WARN_BOOL_CONVERSION = YES;
				CLANG_WARN_COMMA = YES;
				CLANG_WARN_CONSTANT_CONVERSION = YES;
				CLANG_WARN_DEPRECATED_OBJC_IMPLEMENTATIONS = YES;
				CLANG_WARN_DIRECT_OBJC_ISA_USAGE = YES_ERROR;
				CLANG_WARN_DOCUMENTATION_COMMENTS = YES;
				CLANG_WARN_EMPTY_BODY = YES;
				CLANG_WARN_ENUM_CONVERSION = YES;
				CLANG_WARN_INFINITE_RECURSION = YES;
				CLANG_WARN_INT_CONVERSION = YES;
				CLANG_WARN_NON_LITERAL_NULL_CONVERSION = YES;
				CLANG_WARN_OBJC_IMPLICIT_RETAIN_SELF = YES;
				CLANG_WARN_OBJC_LITERAL_CONVERSION = YES;
				CLANG_WARN_OBJC_ROOT_CLASS = YES_ERROR;
				CLANG_WARN_RANGE_LOOP_ANALYSIS = YES;
				CLANG_WARN_STRICT_PROTOTYPES = YES;
				CLANG_WARN_SUSPICIOUS_MOVE = YES;
				CLANG_WARN_UNGUARDED_AVAILABILITY = YES_AGGRESSIVE;
				CLANG_WARN_UNREACHABLE_CODE = YES;
				CLANG_WARN__DUPLICATE_METHOD_MATCH = YES;
				CODE_SIGN_IDENTITY = "iPhone Developer";
				COPY_PHASE_STRIP = NO;
				DEBUG_INFORMATION_FORMAT = dwarf;
				ENABLE_STRICT_OBJC_MSGSEND = YES;
				ENABLE_TESTABILITY = YES;
				GCC_C_LANGUAGE_STANDARD = gnu11;
				GCC_DYNAMIC_NO_PIC = NO;
				GCC_NO_COMMON_BLOCKS = YES;
				GCC_OPTIMIZATION_LEVEL = 0;
				GCC_PREPROCESSOR_DEFINITIONS = (
					"DEBUG=1",
					"$(inherited)",
				);
				GCC_WARN_64_TO_32_BIT_CONVERSION = YES;
				GCC_WARN_ABOUT_RETURN_TYPE = YES_ERROR;
				GCC_WARN_UNDECLARED_SELECTOR = YES;
				GCC_WARN_UNINITIALIZED_AUTOS = YES_AGGRESSIVE;
				GCC_WARN_UNUSED_FUNCTION = YES;
				GCC_WARN_UNUSED_VARIABLE = YES;
				IPHONEOS_DEPLOYMENT_TARGET = 12.0;
				MTL_ENABLE_DEBUG_INFO = INCLUDE_SOURCE;
				MTL_FAST_MATH = YES;
				ONLY_ACTIVE_ARCH = YES;
				SDKROOT = iphoneos;
				SWIFT_ACTIVE_COMPILATION_CONDITIONS = DEBUG;
				SWIFT_OPTIMIZATION_LEVEL = "-Onone";
			};
			name = Debug;
		};
		1BBABAF1218C2BAB00597E12 /* Release */ = {
			isa = XCBuildConfiguration;
			buildSettings = {
				ALWAYS_SEARCH_USER_PATHS = NO;
				CLANG_ANALYZER_NONNULL = YES;
				CLANG_ANALYZER_NUMBER_OBJECT_CONVERSION = YES_AGGRESSIVE;
				CLANG_CXX_LANGUAGE_STANDARD = "gnu++14";
				CLANG_CXX_LIBRARY = "libc++";
				CLANG_ENABLE_MODULES = YES;
				CLANG_ENABLE_OBJC_ARC = YES;
				CLANG_ENABLE_OBJC_WEAK = YES;
				CLANG_WARN_BLOCK_CAPTURE_AUTORELEASING = YES;
				CLANG_WARN_BOOL_CONVERSION = YES;
				CLANG_WARN_COMMA = YES;
				CLANG_WARN_CONSTANT_CONVERSION = YES;
				CLANG_WARN_DEPRECATED_OBJC_IMPLEMENTATIONS = YES;
				CLANG_WARN_DIRECT_OBJC_ISA_USAGE = YES_ERROR;
				CLANG_WARN_DOCUMENTATION_COMMENTS = YES;
				CLANG_WARN_EMPTY_BODY = YES;
				CLANG_WARN_ENUM_CONVERSION = YES;
				CLANG_WARN_INFINITE_RECURSION = YES;
				CLANG_WARN_INT_CONVERSION = YES;
				CLANG_WARN_NON_LITERAL_NULL_CONVERSION = YES;
				CLANG_WARN_OBJC_IMPLICIT_RETAIN_SELF = YES;
				CLANG_WARN_OBJC_LITERAL_CONVERSION = YES;
				CLANG_WARN_OBJC_ROOT_CLASS = YES_ERROR;
				CLANG_WARN_RANGE_LOOP_ANALYSIS = YES;
				CLANG_WARN_STRICT_PROTOTYPES = YES;
				CLANG_WARN_SUSPICIOUS_MOVE = YES;
				CLANG_WARN_UNGUARDED_AVAILABILITY = YES_AGGRESSIVE;
				CLANG_WARN_UNREACHABLE_CODE = YES;
				CLANG_WARN__DUPLICATE_METHOD_MATCH = YES;
				CODE_SIGN_IDENTITY = "iPhone Developer";
				COPY_PHASE_STRIP = NO;
				DEBUG_INFORMATION_FORMAT = "dwarf-with-dsym";
				ENABLE_NS_ASSERTIONS = NO;
				ENABLE_STRICT_OBJC_MSGSEND = YES;
				GCC_C_LANGUAGE_STANDARD = gnu11;
				GCC_NO_COMMON_BLOCKS = YES;
				GCC_WARN_64_TO_32_BIT_CONVERSION = YES;
				GCC_WARN_ABOUT_RETURN_TYPE = YES_ERROR;
				GCC_WARN_UNDECLARED_SELECTOR = YES;
				GCC_WARN_UNINITIALIZED_AUTOS = YES_AGGRESSIVE;
				GCC_WARN_UNUSED_FUNCTION = YES;
				GCC_WARN_UNUSED_VARIABLE = YES;
				IPHONEOS_DEPLOYMENT_TARGET = 12.0;
				MTL_ENABLE_DEBUG_INFO = NO;
				MTL_FAST_MATH = YES;
				SDKROOT = iphoneos;
				SWIFT_COMPILATION_MODE = wholemodule;
				SWIFT_OPTIMIZATION_LEVEL = "-O";
				VALIDATE_PRODUCT = YES;
			};
			name = Release;
		};
		1BBABAF3218C2BAB00597E12 /* Debug */ = {
			isa = XCBuildConfiguration;
			baseConfigurationReference = 7F08CD24635AC84AF66AFB43 /* Pods-TaCo.debug.xcconfig */;
			buildSettings = {
				ASSETCATALOG_COMPILER_APPICON_NAME = AppIcon;
				CODE_SIGN_STYLE = Automatic;
				DEVELOPMENT_TEAM = ZBSC5274N7;
				INFOPLIST_FILE = TaCo/Info.plist;
				LD_RUNPATH_SEARCH_PATHS = (
					"$(inherited)",
					"@executable_path/Frameworks",
				);
				PRODUCT_BUNDLE_IDENTIFIER = cdnis.edu.hk.TaCo;
				PRODUCT_NAME = "$(TARGET_NAME)";
				SWIFT_VERSION = 4.2;
				TARGETED_DEVICE_FAMILY = "1,2";
			};
			name = Debug;
		};
		1BBABAF4218C2BAB00597E12 /* Release */ = {
			isa = XCBuildConfiguration;
			baseConfigurationReference = 6363D2F6805115FEF3486222 /* Pods-TaCo.release.xcconfig */;
			buildSettings = {
				ASSETCATALOG_COMPILER_APPICON_NAME = AppIcon;
				CODE_SIGN_STYLE = Automatic;
				DEVELOPMENT_TEAM = ZBSC5274N7;
				INFOPLIST_FILE = TaCo/Info.plist;
				LD_RUNPATH_SEARCH_PATHS = (
					"$(inherited)",
					"@executable_path/Frameworks",
				);
				PRODUCT_BUNDLE_IDENTIFIER = cdnis.edu.hk.TaCo;
				PRODUCT_NAME = "$(TARGET_NAME)";
				SWIFT_VERSION = 4.2;
				TARGETED_DEVICE_FAMILY = "1,2";
			};
			name = Release;
		};
/* End XCBuildConfiguration section */

/* Begin XCConfigurationList section */
		1BBABAD9218C2BA900597E12 /* Build configuration list for PBXProject "TaCo" */ = {
			isa = XCConfigurationList;
			buildConfigurations = (
				1BBABAF0218C2BAB00597E12 /* Debug */,
				1BBABAF1218C2BAB00597E12 /* Release */,
			);
			defaultConfigurationIsVisible = 0;
			defaultConfigurationName = Release;
		};
		1BBABAF2218C2BAB00597E12 /* Build configuration list for PBXNativeTarget "TaCo" */ = {
			isa = XCConfigurationList;
			buildConfigurations = (
				1BBABAF3218C2BAB00597E12 /* Debug */,
				1BBABAF4218C2BAB00597E12 /* Release */,
			);
			defaultConfigurationIsVisible = 0;
			defaultConfigurationName = Release;
		};
/* End XCConfigurationList section */
	};
	rootObject = 1BBABAD6218C2BA900597E12 /* Project object */;
}
